
Microsoft Visual Studio Solution File, Format Version 12.00
# Visual Studio 15
VisualStudioVersion = 15.0.26730.16
MinimumVisualStudioVersion = 10.0.40219.1
Project("{FAE04EC0-301F-11D3-BF4B-00C04F79EFBC}") = "HW8-1", "HW8-1\HW8-1.csproj", "{EA03CC23-FC62-486A-9D1A-2F3EE6A4DB8F}"
EndProject
Project("{CC5FD16D-436D-48AD-A40C-5A424C6E3E79}") = "HW8-1.Azure", "HW8-1.Azure\HW8-1.Azure.ccproj", "{5A9B61DF-49A8-484E-985C-490A47354EEE}"
EndProject
Global
	GlobalSection(SolutionConfigurationPlatforms) = preSolution
		Debug|Any CPU = Debug|Any CPU
		Release|Any CPU = Release|Any CPU
	EndGlobalSection
	GlobalSection(ProjectConfigurationPlatforms) = postSolution
		{EA03CC23-FC62-486A-9D1A-2F3EE6A4DB8F}.Debug|Any CPU.ActiveCfg = Debug|Any CPU
		{EA03CC23-FC62-486A-9D1A-2F3EE6A4DB8F}.Debug|Any CPU.Build.0 = Debug|Any CPU
		{EA03CC23-FC62-486A-9D1A-2F3EE6A4DB8F}.Release|Any CPU.ActiveCfg = Release|Any CPU
		{EA03CC23-FC62-486A-9D1A-2F3EE6A4DB8F}.Release|Any CPU.Build.0 = Release|Any CPU
		{5A9B61DF-49A8-484E-985C-490A47354EEE}.Debug|Any CPU.ActiveCfg = Debug|Any CPU
		{5A9B61DF-49A8-484E-985C-490A47354EEE}.Debug|Any CPU.Build.0 = Debug|Any CPU
		{5A9B61DF-49A8-484E-985C-490A47354EEE}.Release|Any CPU.ActiveCfg = Release|Any CPU
		{5A9B61DF-49A8-484E-985C-490A47354EEE}.Release|Any CPU.Build.0 = Release|Any CPU
	EndGlobalSection
	GlobalSection(SolutionProperties) = preSolution
		HideSolutionNode = FALSE
	EndGlobalSection
	GlobalSection(ExtensibilityGlobals) = postSolution
		SolutionGuid = {35F9CC2C-2E79-4134-91DE-5708BDDABF83}
	EndGlobalSection
EndGlobal
